
Microsoft Visual Studio Solution File, Format Version 12.00
# Visual Studio Version 17
VisualStudioVersion = 17.10.34928.147
MinimumVisualStudioVersion = 10.0.40219.1
Project("{FAE04EC0-301F-11D3-BF4B-00C04F79EFBC}") = "Currency Exchange Website", "Currency Exchange Website\Currency Exchange Website.csproj", "{EE809398-F08C-4510-8F61-C9CF6D5CB9AA}"
EndProject
Global
	GlobalSection(SolutionConfigurationPlatforms) = preSolution
		Debug|Any CPU = Debug|Any CPU
		Release|Any CPU = Release|Any CPU
	EndGlobalSection
	GlobalSection(ProjectConfigurationPlatforms) = postSolution
		{EE809398-F08C-4510-8F61-C9CF6D5CB9AA}.Debug|Any CPU.ActiveCfg = Debug|Any CPU
		{EE809398-F08C-4510-8F61-C9CF6D5CB9AA}.Debug|Any CPU.Build.0 = Debug|Any CPU
		{EE809398-F08C-4510-8F61-C9CF6D5CB9AA}.Release|Any CPU.ActiveCfg = Release|Any CPU
		{EE809398-F08C-4510-8F61-C9CF6D5CB9AA}.Release|Any CPU.Build.0 = Release|Any CPU
	EndGlobalSection
	GlobalSection(SolutionProperties) = preSolution
		HideSolutionNode = FALSE
	EndGlobalSection
	GlobalSection(ExtensibilityGlobals) = postSolution
		SolutionGuid = {FDDE35D3-A6D4-45A9-9F4D-8A8A57822C26}
	EndGlobalSection
EndGlobal
